
Microsoft Visual Studio Solution File, Format Version 12.00
# Visual Studio 15
VisualStudioVersion = 15.0.27428.1
MinimumVisualStudioVersion = 10.0.40219.1
Project("{FAE04EC0-301F-11D3-BF4B-00C04F79EFBC}") = "MobileWeb", "MobileWeb\MobileWeb.csproj", "{4CEF0B2F-6D7E-46CB-8F1D-840617B27841}"
EndProject
Global
	GlobalSection(SolutionConfigurationPlatforms) = preSolution
		Debug|Any CPU = Debug|Any CPU
		Release|Any CPU = Release|Any CPU
	EndGlobalSection
	GlobalSection(ProjectConfigurationPlatforms) = postSolution
		{4CEF0B2F-6D7E-46CB-8F1D-840617B27841}.Debug|Any CPU.ActiveCfg = Debug|Any CPU
		{4CEF0B2F-6D7E-46CB-8F1D-840617B27841}.Debug|Any CPU.Build.0 = Debug|Any CPU
		{4CEF0B2F-6D7E-46CB-8F1D-840617B27841}.Release|Any CPU.ActiveCfg = Release|Any CPU
		{4CEF0B2F-6D7E-46CB-8F1D-840617B27841}.Release|Any CPU.Build.0 = Release|Any CPU
	EndGlobalSection
	GlobalSection(SolutionProperties) = preSolution
		HideSolutionNode = FALSE
	EndGlobalSection
	GlobalSection(ExtensibilityGlobals) = postSolution
		SolutionGuid = {2DDAEA0E-638E-4B86-A392-D5BD4DB49469}
	EndGlobalSection
	GlobalSection(TeamFoundationVersionControl) = preSolution
		SccNumberOfProjects = 2
		SccEnterpriseProvider = {4CA58AB2-18FA-4F8D-95D4-32DDF27D184C}
		SccTeamFoundationServer = http://tfs.autoking.com.tr:8080/tfs/autoking.neo
		SccLocalPath0 = .
		SccProjectUniqueName1 = MobileWeb\\MobileWeb.csproj
		SccProjectName1 = MobileWeb
		SccLocalPath1 = MobileWeb
	EndGlobalSection
EndGlobal
